// !$*UTF8*$!
{
	archiveVersion = 1;
	classes = {
	};
	objectVersion = 48;
	objects = {

/* Begin PBXBuildFile section */
		D53044E32034C7B90020DD6C /* AddNewsViewController.swift in Sources */ = {isa = PBXBuildFile; fileRef = D53044D32034C7B90020DD6C /* AddNewsViewController.swift */; };
		D53044E42034C7B90020DD6C /* DetailsNewsViewController.swift in Sources */ = {isa = PBXBuildFile; fileRef = D53044D42034C7B90020DD6C /* DetailsNewsViewController.swift */; };
		D53044E52034C7B90020DD6C /* LoginViewController.swift in Sources */ = {isa = PBXBuildFile; fileRef = D53044D52034C7B90020DD6C /* LoginViewController.swift */; };
		D53044E62034C7B90020DD6C /* NewsTableViewController.swift in Sources */ = {isa = PBXBuildFile; fileRef = D53044D62034C7B90020DD6C /* NewsTableViewController.swift */; };
		D53044E72034C7B90020DD6C /* RegisterViewController.swift in Sources */ = {isa = PBXBuildFile; fileRef = D53044D72034C7B90020DD6C /* RegisterViewController.swift */; };
		D53044E82034C7B90020DD6C /* SettingsViewController.swift in Sources */ = {isa = PBXBuildFile; fileRef = D53044D82034C7B90020DD6C /* SettingsViewController.swift */; };
		D53044E92034C7B90020DD6C /* Info.plist in Resources */ = {isa = PBXBuildFile; fileRef = D53044D92034C7B90020DD6C /* Info.plist */; };
		D53044EA2034C7B90020DD6C /* News.swift in Sources */ = {isa = PBXBuildFile; fileRef = D53044DA2034C7B90020DD6C /* News.swift */; };
		D53044EB2034C7B90020DD6C /* AppDelegate.swift in Sources */ = {isa = PBXBuildFile; fileRef = D53044DC2034C7B90020DD6C /* AppDelegate.swift */; };
		D53044EC2034C7B90020DD6C /* Assets.xcassets in Resources */ = {isa = PBXBuildFile; fileRef = D53044DD2034C7B90020DD6C /* Assets.xcassets */; };
		D53044ED2034C7B90020DD6C /* LaunchScreen.storyboard in Resources */ = {isa = PBXBuildFile; fileRef = D53044DE2034C7B90020DD6C /* LaunchScreen.storyboard */; };
		D53044EE2034C7B90020DD6C /* Main.storyboard in Resources */ = {isa = PBXBuildFile; fileRef = D53044E12034C7B90020DD6C /* Main.storyboard */; };
/* End PBXBuildFile section */

/* Begin PBXFileReference section */
		D53044BD2034C7A10020DD6C /* WorldSkills.app */ = {isa = PBXFileReference; explicitFileType = wrapper.application; includeInIndex = 0; path = WorldSkills.app; sourceTree = BUILT_PRODUCTS_DIR; };
		D53044D32034C7B90020DD6C /* AddNewsViewController.swift */ = {isa = PBXFileReference; fileEncoding = 4; lastKnownFileType = sourcecode.swift; path = AddNewsViewController.swift; sourceTree = "<group>"; };
		D53044D42034C7B90020DD6C /* DetailsNewsViewController.swift */ = {isa = PBXFileReference; fileEncoding = 4; lastKnownFileType = sourcecode.swift; path = DetailsNewsViewController.swift; sourceTree = "<group>"; };
		D53044D52034C7B90020DD6C /* LoginViewController.swift */ = {isa = PBXFileReference; fileEncoding = 4; lastKnownFileType = sourcecode.swift; path = LoginViewController.swift; sourceTree = "<group>"; };
		D53044D62034C7B90020DD6C /* NewsTableViewController.swift */ = {isa = PBXFileReference; fileEncoding = 4; lastKnownFileType = sourcecode.swift; path = NewsTableViewController.swift; sourceTree = "<group>"; };
		D53044D72034C7B90020DD6C /* RegisterViewController.swift */ = {isa = PBXFileReference; fileEncoding = 4; lastKnownFileType = sourcecode.swift; path = RegisterViewController.swift; sourceTree = "<group>"; };
		D53044D82034C7B90020DD6C /* SettingsViewController.swift */ = {isa = PBXFileReference; fileEncoding = 4; lastKnownFileType = sourcecode.swift; path = SettingsViewController.swift; sourceTree = "<group>"; };
		D53044D92034C7B90020DD6C /* Info.plist */ = {isa = PBXFileReference; fileEncoding = 4; lastKnownFileType = text.plist.xml; path = Info.plist; sourceTree = "<group>"; };
		D53044DA2034C7B90020DD6C /* News.swift */ = {isa = PBXFileReference; fileEncoding = 4; lastKnownFileType = sourcecode.swift; path = News.swift; sourceTree = "<group>"; };
		D53044DC2034C7B90020DD6C /* AppDelegate.swift */ = {isa = PBXFileReference; fileEncoding = 4; lastKnownFileType = sourcecode.swift; path = AppDelegate.swift; sourceTree = "<group>"; };
		D53044DD2034C7B90020DD6C /* Assets.xcassets */ = {isa = PBXFileReference; lastKnownFileType = folder.assetcatalog; path = Assets.xcassets; sourceTree = "<group>"; };
		D53044DF2034C7B90020DD6C /* Base */ = {isa = PBXFileReference; lastKnownFileType = file.storyboard; name = Base; path = Base.lproj/LaunchScreen.storyboard; sourceTree = "<group>"; };
		D53044E22034C7B90020DD6C /* Base */ = {isa = PBXFileReference; lastKnownFileType = file.storyboard; name = Base; path = Main.storyboard; sourceTree = "<group>"; };
/* End PBXFileReference section */

/* Begin PBXFrameworksBuildPhase section */
		D53044BA2034C7A10020DD6C /* Frameworks */ = {
			isa = PBXFrameworksBuildPhase;
			buildActionMask = 2147483647;
			files = (
			);
			runOnlyForDeploymentPostprocessing = 0;
		};
/* End PBXFrameworksBuildPhase section */

/* Begin PBXGroup section */
		D53044B42034C7A10020DD6C = {
			isa = PBXGroup;
			children = (
				D53044BF2034C7A10020DD6C /* WorldSkills */,
				D53044BE2034C7A10020DD6C /* Products */,
			);
			sourceTree = "<group>";
		};
		D53044BE2034C7A10020DD6C /* Products */ = {
			isa = PBXGroup;
			children = (
				D53044BD2034C7A10020DD6C /* WorldSkills.app */,
			);
			name = Products;
			sourceTree = "<group>";
		};
		D53044BF2034C7A10020DD6C /* WorldSkills */ = {
			isa = PBXGroup;
			children = (
				D53044E02034C7B90020DD6C /* Base.lproj */,
				D53044D22034C7B90020DD6C /* Controllers */,
				D53044D92034C7B90020DD6C /* Info.plist */,
				D53044DA2034C7B90020DD6C /* News.swift */,
				D53044DB2034C7B90020DD6C /* Supportive files */,
			);
			path = WorldSkills;
			sourceTree = "<group>";
		};
		D53044D22034C7B90020DD6C /* Controllers */ = {
			isa = PBXGroup;
			children = (
				D53044D32034C7B90020DD6C /* AddNewsViewController.swift */,
				D53044D42034C7B90020DD6C /* DetailsNewsViewController.swift */,
				D53044D52034C7B90020DD6C /* LoginViewController.swift */,
				D53044D62034C7B90020DD6C /* NewsTableViewController.swift */,
				D53044D72034C7B90020DD6C /* RegisterViewController.swift */,
				D53044D82034C7B90020DD6C /* SettingsViewController.swift */,
			);
			path = Controllers;
			sourceTree = "<group>";
		};
		D53044DB2034C7B90020DD6C /* Supportive files */ = {
			isa = PBXGroup;
			children = (
				D53044DC2034C7B90020DD6C /* AppDelegate.swift */,
				D53044DD2034C7B90020DD6C /* Assets.xcassets */,
				D53044DE2034C7B90020DD6C /* LaunchScreen.storyboard */,
			);
			path = "Supportive files";
			sourceTree = "<group>";
		};
		D53044E02034C7B90020DD6C /* Base.lproj */ = {
			isa = PBXGroup;
			children = (
				D53044E12034C7B90020DD6C /* Main.storyboard */,
			);
			name = Base.lproj;
			path = ../../_WorldSkills/WorldSkills/Base.lproj;
			sourceTree = "<group>";
		};
/* End PBXGroup section */

/* Begin PBXNativeTarget section */
		D53044BC2034C7A10020DD6C /* WorldSkills */ = {
			isa = PBXNativeTarget;
			buildConfigurationList = D53044CF2034C7A10020DD6C /* Build configuration list for PBXNativeTarget "WorldSkills" */;
			buildPhases = (
				D53044B92034C7A10020DD6C /* Sources */,
				D53044BA2034C7A10020DD6C /* Frameworks */,
				D53044BB2034C7A10020DD6C /* Resources */,
			);
			buildRules = (
			);
			dependencies = (
			);
			name = WorldSkills;
			productName = WorldSkills;
			productReference = D53044BD2034C7A10020DD6C /* WorldSkills.app */;
			productType = "com.apple.product-type.application";
		};
/* End PBXNativeTarget section */

/* Begin PBXProject section */
		D53044B52034C7A10020DD6C /* Project object */ = {
			isa = PBXProject;
			attributes = {
				LastSwiftUpdateCheck = 0920;
				LastUpgradeCheck = 0920;
				ORGANIZATIONNAME = seredkins;
				TargetAttributes = {
					D53044BC2034C7A10020DD6C = {
						CreatedOnToolsVersion = 9.2;
						LastSwiftMigration = 0920;
						ProvisioningStyle = Automatic;
					};
				};
			};
			buildConfigurationList = D53044B82034C7A10020DD6C /* Build configuration list for PBXProject "WorldSkills" */;
			compatibilityVersion = "Xcode 8.0";
			developmentRegion = en;
			hasScannedForEncodings = 0;
			knownRegions = (
				en,
				Base,
			);
			mainGroup = D53044B42034C7A10020DD6C;
			productRefGroup = D53044BE2034C7A10020DD6C /* Products */;
			projectDirPath = "";
			projectRoot = "";
			targets = (
				D53044BC2034C7A10020DD6C /* WorldSkills */,
			);
		};
/* End PBXProject section */

/* Begin PBXResourcesBuildPhase section */
		D53044BB2034C7A10020DD6C /* Resources */ = {
			isa = PBXResourcesBuildPhase;
			buildActionMask = 2147483647;
			files = (
				D53044ED2034C7B90020DD6C /* LaunchScreen.storyboard in Resources */,
				D53044EC2034C7B90020DD6C /* Assets.xcassets in Resources */,
				D53044E92034C7B90020DD6C /* Info.plist in Resources */,
				D53044EE2034C7B90020DD6C /* Main.storyboard in Resources */,
			);
			runOnlyForDeploymentPostprocessing = 0;
		};
/* End PBXResourcesBuildPhase section */

/* Begin PBXSourcesBuildPhase section */
		D53044B92034C7A10020DD6C /* Sources */ = {
			isa = PBXSourcesBuildPhase;
			buildActionMask = 2147483647;
			files = (
				D53044EB2034C7B90020DD6C /* AppDelegate.swift in Sources */,
				D53044E62034C7B90020DD6C /* NewsTableViewController.swift in Sources */,
				D53044E72034C7B90020DD6C /* RegisterViewController.swift in Sources */,
				D53044E52034C7B90020DD6C /* LoginViewController.swift in Sources */,
				D53044E42034C7B90020DD6C /* DetailsNewsViewController.swift in Sources */,
				D53044EA2034C7B90020DD6C /* News.swift in Sources */,
				D53044E32034C7B90020DD6C /* AddNewsViewController.swift in Sources */,
				D53044E82034C7B90020DD6C /* SettingsViewController.swift in Sources */,
			);
			runOnlyForDeploymentPostprocessing = 0;
		};
/* End PBXSourcesBuildPhase section */

/* Begin PBXVariantGroup section */
		D53044DE2034C7B90020DD6C /* LaunchScreen.storyboard */ = {
			isa = PBXVariantGroup;
			children = (
				D53044DF2034C7B90020DD6C /* Base */,
			);
			name = LaunchScreen.storyboard;
			sourceTree = "<group>";
		};
		D53044E12034C7B90020DD6C /* Main.storyboard */ = {
			isa = PBXVariantGroup;
			children = (
				D53044E22034C7B90020DD6C /* Base */,
			);
			name = Main.storyboard;
			sourceTree = "<group>";
		};
/* End PBXVariantGroup section */

/* Begin XCBuildConfiguration section */
		D53044CD2034C7A10020DD6C /* Debug */ = {
			isa = XCBuildConfiguration;
			buildSettings = {
				ALWAYS_SEARCH_USER_PATHS = NO;
				CLANG_ANALYZER_NONNULL = YES;
				CLANG_ANALYZER_NUMBER_OBJECT_CONVERSION = YES_AGGRESSIVE;
				CLANG_CXX_LANGUAGE_STANDARD = "gnu++14";
				CLANG_CXX_LIBRARY = "libc++";
				CLANG_ENABLE_MODULES = YES;
				CLANG_ENABLE_OBJC_ARC = YES;
				CLANG_WARN_BLOCK_CAPTURE_AUTORELEASING = YES;
				CLANG_WARN_BOOL_CONVERSION = YES;
				CLANG_WARN_COMMA = YES;
				CLANG_WARN_CONSTANT_CONVERSION = YES;
				CLANG_WARN_DIRECT_OBJC_ISA_USAGE = YES_ERROR;
				CLANG_WARN_DOCUMENTATION_COMMENTS = YES;
				CLANG_WARN_EMPTY_BODY = YES;
				CLANG_WARN_ENUM_CONVERSION = YES;
				CLANG_WARN_INFINITE_RECURSION = YES;
				CLANG_WARN_INT_CONVERSION = YES;
				CLANG_WARN_NON_LITERAL_NULL_CONVERSION = YES;
				CLANG_WARN_OBJC_LITERAL_CONVERSION = YES;
				CLANG_WARN_OBJC_ROOT_CLASS = YES_ERROR;
				CLANG_WARN_RANGE_LOOP_ANALYSIS = YES;
				CLANG_WARN_STRICT_PROTOTYPES = YES;
				CLANG_WARN_SUSPICIOUS_MOVE = YES;
				CLANG_WARN_UNGUARDED_AVAILABILITY = YES_AGGRESSIVE;
				CLANG_WARN_UNREACHABLE_CODE = YES;
				CLANG_WARN__DUPLICATE_METHOD_MATCH = YES;
				CODE_SIGN_IDENTITY = "iPhone Developer";
				COPY_PHASE_STRIP = NO;
				DEBUG_INFORMATION_FORMAT = dwarf;
				ENABLE_STRICT_OBJC_MSGSEND = YES;
				ENABLE_TESTABILITY = YES;
				GCC_C_LANGUAGE_STANDARD = gnu11;
				GCC_DYNAMIC_NO_PIC = NO;
				GCC_NO_COMMON_BLOCKS = YES;
				GCC_OPTIMIZATION_LEVEL = 0;
				GCC_PREPROCESSOR_DEFINITIONS = (
					"DEBUG=1",
					"$(inherited)",
				);
				GCC_WARN_64_TO_32_BIT_CONVERSION = YES;
				GCC_WARN_ABOUT_RETURN_TYPE = YES_ERROR;
				GCC_WARN_UNDECLARED_SELECTOR = YES;
				GCC_WARN_UNINITIALIZED_AUTOS = YES_AGGRESSIVE;
				GCC_WARN_UNUSED_FUNCTION = YES;
				GCC_WARN_UNUSED_VARIABLE = YES;
				IPHONEOS_DEPLOYMENT_TARGET = 11.2;
				MTL_ENABLE_DEBUG_INFO = YES;
				ONLY_ACTIVE_ARCH = YES;
				SDKROOT = iphoneos;
				SWIFT_ACTIVE_COMPILATION_CONDITIONS = DEBUG;
				SWIFT_OPTIMIZATION_LEVEL = "-Onone";
			};
			name = Debug;
		};
		D53044CE2034C7A10020DD6C /* Release */ = {
			isa = XCBuildConfiguration;
			buildSettings = {
				ALWAYS_SEARCH_USER_PATHS = NO;
				CLANG_ANALYZER_NONNULL = YES;
				CLANG_ANALYZER_NUMBER_OBJECT_CONVERSION = YES_AGGRESSIVE;
				CLANG_CXX_LANGUAGE_STANDARD = "gnu++14";
				CLANG_CXX_LIBRARY = "libc++";
				CLANG_ENABLE_MODULES = YES;
				CLANG_ENABLE_OBJC_ARC = YES;
				CLANG_WARN_BLOCK_CAPTURE_AUTORELEASING = YES;
				CLANG_WARN_BOOL_CONVERSION = YES;
				CLANG_WARN_COMMA = YES;
				CLANG_WARN_CONSTANT_CONVERSION = YES;
				CLANG_WARN_DIRECT_OBJC_ISA_USAGE = YES_ERROR;
				CLANG_WARN_DOCUMENTATION_COMMENTS = YES;
				CLANG_WARN_EMPTY_BODY = YES;
				CLANG_WARN_ENUM_CONVERSION = YES;
				CLANG_WARN_INFINITE_RECURSION = YES;
				CLANG_WARN_INT_CONVERSION = YES;
				CLANG_WARN_NON_LITERAL_NULL_CONVERSION = YES;
				CLANG_WARN_OBJC_LITERAL_CONVERSION = YES;
				CLANG_WARN_OBJC_ROOT_CLASS = YES_ERROR;
				CLANG_WARN_RANGE_LOOP_ANALYSIS = YES;
				CLANG_WARN_STRICT_PROTOTYPES = YES;
				CLANG_WARN_SUSPICIOUS_MOVE = YES;
				CLANG_WARN_UNGUARDED_AVAILABILITY = YES_AGGRESSIVE;
				CLANG_WARN_UNREACHABLE_CODE = YES;
				CLANG_WARN__DUPLICATE_METHOD_MATCH = YES;
				CODE_SIGN_IDENTITY = "iPhone Developer";
				COPY_PHASE_STRIP = NO;
				DEBUG_INFORMATION_FORMAT = "dwarf-with-dsym";
				ENABLE_NS_ASSERTIONS = NO;
				ENABLE_STRICT_OBJC_MSGSEND = YES;
				GCC_C_LANGUAGE_STANDARD = gnu11;
				GCC_NO_COMMON_BLOCKS = YES;
				GCC_WARN_64_TO_32_BIT_CONVERSION = YES;
				GCC_WARN_ABOUT_RETURN_TYPE = YES_ERROR;
				GCC_WARN_UNDECLARED_SELECTOR = YES;
				GCC_WARN_UNINITIALIZED_AUTOS = YES_AGGRESSIVE;
				GCC_WARN_UNUSED_FUNCTION = YES;
				GCC_WARN_UNUSED_VARIABLE = YES;
				IPHONEOS_DEPLOYMENT_TARGET = 11.2;
				MTL_ENABLE_DEBUG_INFO = NO;
				SDKROOT = iphoneos;
				SWIFT_OPTIMIZATION_LEVEL = "-Owholemodule";
				VALIDATE_PRODUCT = YES;
			};
			name = Release;
		};
		D53044D02034C7A10020DD6C /* Debug */ = {
			isa = XCBuildConfiguration;
			buildSettings = {
				ASSETCATALOG_COMPILER_APPICON_NAME = AppIcon;
				CLANG_ENABLE_MODULES = YES;
				CODE_SIGN_STYLE = Automatic;
				INFOPLIST_FILE = WorldSkills/Info.plist;
				LD_RUNPATH_SEARCH_PATHS = "$(inherited) @executable_path/Frameworks";
				PRODUCT_BUNDLE_IDENTIFIER = home.WorldSkills;
				PRODUCT_NAME = "$(TARGET_NAME)";
				SWIFT_OPTIMIZATION_LEVEL = "-Onone";
				SWIFT_VERSION = 4.0;
				TARGETED_DEVICE_FAMILY = "1,2";
			};
			name = Debug;
		};
		D53044D12034C7A10020DD6C /* Release */ = {
			isa = XCBuildConfiguration;
			buildSettings = {
				ASSETCATALOG_COMPILER_APPICON_NAME = AppIcon;
				CLANG_ENABLE_MODULES = YES;
				CODE_SIGN_STYLE = Automatic;
				INFOPLIST_FILE = WorldSkills/Info.plist;
				LD_RUNPATH_SEARCH_PATHS = "$(inherited) @executable_path/Frameworks";
				PRODUCT_BUNDLE_IDENTIFIER = home.WorldSkills;
				PRODUCT_NAME = "$(TARGET_NAME)";
				SWIFT_VERSION = 4.0;
				TARGETED_DEVICE_FAMILY = "1,2";
			};
			name = Release;
		};
/* End XCBuildConfiguration section */

/* Begin XCConfigurationList section */
		D53044B82034C7A10020DD6C /* Build configuration list for PBXProject "WorldSkills" */ = {
			isa = XCConfigurationList;
			buildConfigurations = (
				D53044CD2034C7A10020DD6C /* Debug */,
				D53044CE2034C7A10020DD6C /* Release */,
			);
			defaultConfigurationIsVisible = 0;
			defaultConfigurationName = Release;
		};
		D53044CF2034C7A10020DD6C /* Build configuration list for PBXNativeTarget "WorldSkills" */ = {
			isa = XCConfigurationList;
			buildConfigurations = (
				D53044D02034C7A10020DD6C /* Debug */,
				D53044D12034C7A10020DD6C /* Release */,
			);
			defaultConfigurationIsVisible = 0;
			defaultConfigurationName = Release;
		};
/* End XCConfigurationList section */
	};
	rootObject = D53044B52034C7A10020DD6C /* Project object */;
}
